
Microsoft Visual Studio Solution File, Format Version 12.00
# Visual Studio Version 17
VisualStudioVersion = 17.13.35828.75 d17.13
MinimumVisualStudioVersion = 10.0.40219.1
Project("{FAE04EC0-301F-11D3-BF4B-00C04F79EFBC}") = "000-dev-backend-2025", "000-dev-backend-2025.csproj", "{58546219-7D7D-4381-BE54-664064D5CB96}"
EndProject
Global
	GlobalSection(SolutionConfigurationPlatforms) = preSolution
		Debug|Any CPU = Debug|Any CPU
		Release|Any CPU = Release|Any CPU
	EndGlobalSection
	GlobalSection(ProjectConfigurationPlatforms) = postSolution
		{58546219-7D7D-4381-BE54-664064D5CB96}.Debug|Any CPU.ActiveCfg = Debug|Any CPU
		{58546219-7D7D-4381-BE54-664064D5CB96}.Debug|Any CPU.Build.0 = Debug|Any CPU
		{58546219-7D7D-4381-BE54-664064D5CB96}.Release|Any CPU.ActiveCfg = Release|Any CPU
		{58546219-7D7D-4381-BE54-664064D5CB96}.Release|Any CPU.Build.0 = Release|Any CPU
	EndGlobalSection
	GlobalSection(SolutionProperties) = preSolution
		HideSolutionNode = FALSE
	EndGlobalSection
	GlobalSection(ExtensibilityGlobals) = postSolution
		SolutionGuid = {13787FC9-D943-435E-AFB6-6F42914D84CC}
	EndGlobalSection
EndGlobal
